
Microsoft Visual Studio Solution File, Format Version 12.00
# Visual Studio Version 17
VisualStudioVersion = 17.3.32804.467
MinimumVisualStudioVersion = 10.0.40219.1
Project("{FAE04EC0-301F-11D3-BF4B-00C04F79EFBC}") = "ExemploAPI", "ExemploAPI\ExemploAPI.csproj", "{F2C11310-0108-49E8-84CC-55558968DBC1}"
EndProject
Global
	GlobalSection(SolutionConfigurationPlatforms) = preSolution
		Debug|Any CPU = Debug|Any CPU
		Release|Any CPU = Release|Any CPU
	EndGlobalSection
	GlobalSection(ProjectConfigurationPlatforms) = postSolution
		{F2C11310-0108-49E8-84CC-55558968DBC1}.Debug|Any CPU.ActiveCfg = Debug|Any CPU
		{F2C11310-0108-49E8-84CC-55558968DBC1}.Debug|Any CPU.Build.0 = Debug|Any CPU
		{F2C11310-0108-49E8-84CC-55558968DBC1}.Release|Any CPU.ActiveCfg = Release|Any CPU
		{F2C11310-0108-49E8-84CC-55558968DBC1}.Release|Any CPU.Build.0 = Release|Any CPU
	EndGlobalSection
	GlobalSection(SolutionProperties) = preSolution
		HideSolutionNode = FALSE
	EndGlobalSection
	GlobalSection(ExtensibilityGlobals) = postSolution
		SolutionGuid = {D7D39797-27F8-45DC-BDEF-B3E990E7EB59}
	EndGlobalSection
EndGlobal
